
Microsoft Visual Studio Solution File, Format Version 12.00
# Visual Studio Version 17
VisualStudioVersion = 17.4.33213.308
MinimumVisualStudioVersion = 10.0.40219.1
Project("{FAE04EC0-301F-11D3-BF4B-00C04F79EFBC}") = "PokeApiApp", "PokeApiApp.csproj", "{D0E4D17D-B72F-4C1B-8CD6-5939D9268F50}"
EndProject
Project("{9A19103F-16F7-4668-BE54-9A1E7A4F7556}") = "PokeApiNet", "..\PokeApiNet\PokeApiNet.csproj", "{580888E7-794A-416D-ACA2-17AA6E5F00E7}"
EndProject
Global
	GlobalSection(SolutionConfigurationPlatforms) = preSolution
		Debug|Any CPU = Debug|Any CPU
		Release|Any CPU = Release|Any CPU
	EndGlobalSection
	GlobalSection(ProjectConfigurationPlatforms) = postSolution
		{D0E4D17D-B72F-4C1B-8CD6-5939D9268F50}.Debug|Any CPU.ActiveCfg = Debug|Any CPU
		{D0E4D17D-B72F-4C1B-8CD6-5939D9268F50}.Debug|Any CPU.Build.0 = Debug|Any CPU
		{D0E4D17D-B72F-4C1B-8CD6-5939D9268F50}.Release|Any CPU.ActiveCfg = Release|Any CPU
		{D0E4D17D-B72F-4C1B-8CD6-5939D9268F50}.Release|Any CPU.Build.0 = Release|Any CPU
		{580888E7-794A-416D-ACA2-17AA6E5F00E7}.Debug|Any CPU.ActiveCfg = Debug|Any CPU
		{580888E7-794A-416D-ACA2-17AA6E5F00E7}.Debug|Any CPU.Build.0 = Debug|Any CPU
		{580888E7-794A-416D-ACA2-17AA6E5F00E7}.Release|Any CPU.ActiveCfg = Release|Any CPU
		{580888E7-794A-416D-ACA2-17AA6E5F00E7}.Release|Any CPU.Build.0 = Release|Any CPU
	EndGlobalSection
	GlobalSection(SolutionProperties) = preSolution
		HideSolutionNode = FALSE
	EndGlobalSection
	GlobalSection(ExtensibilityGlobals) = postSolution
		SolutionGuid = {28356477-EEA0-4767-BA01-BB8CA09116B4}
	EndGlobalSection
EndGlobal
